<Solution>
  <Folder Name="/src/">
    <Project Path="src/BasaraFoundry.App/BasaraFoundry.App.csproj" />
    <Project Path="src/BasaraFoundry.Domain/BasaraFoundry.Domain.csproj" />
    <Project Path="src/BasaraFoundry.Game.Utage/BasaraFoundry.Game.Utage.csproj" />
    <Project Path="src/BasaraFoundry.Project/BasaraFoundry.Project.csproj" />
    <Project Path="src/BasaraFoundry.Worker/BasaraFoundry.Worker.csproj" />
  </Folder>
  <Folder Name="/tests/">
    <Project Path="tests/BasaraFoundry.SmokeTests/BasaraFoundry.SmokeTests.csproj" />
    <Project Path="tests/BasaraFoundry.PreviewSmokeTests/BasaraFoundry.PreviewSmokeTests.csproj" />
    <Project Path="tests/BasaraFoundry.ReferenceSmokeTests/BasaraFoundry.ReferenceSmokeTests.csproj" />
    <Project Path="tests/BasaraFoundry.RoundTripSmokeTests/BasaraFoundry.RoundTripSmokeTests.csproj" />
    <Project Path="tests/BasaraFoundry.RouteSmokeTests/BasaraFoundry.RouteSmokeTests.csproj" />
    <Project Path="tests/BasaraFoundry.GraftSmokeTests/BasaraFoundry.GraftSmokeTests.csproj" />
    <Project Path="tests/BasaraFoundry.RuntimeEvidenceSmokeTests/BasaraFoundry.RuntimeEvidenceSmokeTests.csproj" />
    <Project Path="tests/BasaraFoundry.StyleKitSmokeTests/BasaraFoundry.StyleKitSmokeTests.csproj" />
  </Folder>
</Solution>
