<Solution>
  <Folder Name="/src/">
    <Project Path="src/BasaraFoundry.App/BasaraFoundry.App.csproj" />
    <Project Path="src/BasaraFoundry.Domain/BasaraFoundry.Domain.csproj" />
    <Project Path="src/BasaraFoundry.Game.Utage/BasaraFoundry.Game.Utage.csproj" />
  </Folder>
  <Folder Name="/tests/">
    <Project Path="tests/BasaraFoundry.SmokeTests/BasaraFoundry.SmokeTests.csproj" />
  </Folder>
</Solution>
